
Microsoft Visual Studio Solution File, Format Version 12.00
# Visual Studio 2017
Project("{FAE04EC0-301F-11D3-BF4B-00C04F79EFBC}") = "Soccer Trial", "Soccer Trial.csproj", "{1BFEB39B-C13D-9C81-C806-6305CEEB460C}"
EndProject
Project("{FAE04EC0-301F-11D3-BF4B-00C04F79EFBC}") = "Soccer Trial.Editor", "Soccer Trial.Editor.csproj", "{673CA611-B38E-171C-ED2B-D96DC157B29E}"
EndProject
Global
	GlobalSection(SolutionConfigurationPlatforms) = preSolution
		Debug|Any CPU = Debug|Any CPU
		Release|Any CPU = Release|Any CPU
	EndGlobalSection
	GlobalSection(ProjectConfigurationPlatforms) = postSolution
		{1BFEB39B-C13D-9C81-C806-6305CEEB460C}.Debug|Any CPU.ActiveCfg = Debug|Any CPU
		{1BFEB39B-C13D-9C81-C806-6305CEEB460C}.Debug|Any CPU.Build.0 = Debug|Any CPU
		{1BFEB39B-C13D-9C81-C806-6305CEEB460C}.Release|Any CPU.ActiveCfg = Release|Any CPU
		{1BFEB39B-C13D-9C81-C806-6305CEEB460C}.Release|Any CPU.Build.0 = Release|Any CPU
		{673CA611-B38E-171C-ED2B-D96DC157B29E}.Debug|Any CPU.ActiveCfg = Debug|Any CPU
		{673CA611-B38E-171C-ED2B-D96DC157B29E}.Debug|Any CPU.Build.0 = Debug|Any CPU
		{673CA611-B38E-171C-ED2B-D96DC157B29E}.Release|Any CPU.ActiveCfg = Release|Any CPU
		{673CA611-B38E-171C-ED2B-D96DC157B29E}.Release|Any CPU.Build.0 = Release|Any CPU
	EndGlobalSection
	GlobalSection(SolutionProperties) = preSolution
		HideSolutionNode = FALSE
	EndGlobalSection
EndGlobal
